
Microsoft Visual Studio Solution File, Format Version 12.00
# Visual Studio Version 17
VisualStudioVersion = 17.10.35122.118
MinimumVisualStudioVersion = 10.0.40219.1
Project("{FAE04EC0-301F-11D3-BF4B-00C04F79EFBC}") = "matrix_exercises", "matrix_exercises.csproj", "{9CD5B9DF-D955-469B-AAE3-5973449BBAAA}"
EndProject
Global
	GlobalSection(SolutionConfigurationPlatforms) = preSolution
		Debug|Any CPU = Debug|Any CPU
		Release|Any CPU = Release|Any CPU
	EndGlobalSection
	GlobalSection(ProjectConfigurationPlatforms) = postSolution
		{9CD5B9DF-D955-469B-AAE3-5973449BBAAA}.Debug|Any CPU.ActiveCfg = Debug|Any CPU
		{9CD5B9DF-D955-469B-AAE3-5973449BBAAA}.Debug|Any CPU.Build.0 = Debug|Any CPU
		{9CD5B9DF-D955-469B-AAE3-5973449BBAAA}.Release|Any CPU.ActiveCfg = Release|Any CPU
		{9CD5B9DF-D955-469B-AAE3-5973449BBAAA}.Release|Any CPU.Build.0 = Release|Any CPU
	EndGlobalSection
	GlobalSection(SolutionProperties) = preSolution
		HideSolutionNode = FALSE
	EndGlobalSection
	GlobalSection(ExtensibilityGlobals) = postSolution
		SolutionGuid = {3C8666D9-762E-4EF5-919F-E2E6F4272D51}
	EndGlobalSection
EndGlobal
